{
  "name": "sensei",
  "version": "1.0.7",
  "dependencies": {
    "@mapbox/geojsonhint": {
      "version": "2.0.1",
      "from": "@mapbox/geojsonhint@2.0.1",
      "resolved": "https://registry.npmjs.org/@mapbox/geojsonhint/-/geojsonhint-2.0.1.tgz",
      "dependencies": {
        "minimist": {
          "version": "1.2.0",
          "from": "minimist@1.2.0",
          "resolved": "https://registry.npmjs.org/minimist/-/minimist-1.2.0.tgz"
        }
      }
    },
    "@sailshq/lodash": {
      "version": "3.10.2",
      "from": "@sailshq/lodash@>=3.10.2 <4.0.0",
      "resolved": "https://registry.npmjs.org/@sailshq/lodash/-/lodash-3.10.2.tgz"
    },
    "accepts": {
      "version": "1.3.4",
      "from": "accepts@>=1.3.4 <1.4.0",
      "resolved": "https://registry.npmjs.org/accepts/-/accepts-1.3.4.tgz",
      "dependencies": {
        "mime-db": {
          "version": "1.30.0",
          "from": "mime-db@>=1.30.0 <1.31.0",
          "resolved": "https://registry.npmjs.org/mime-db/-/mime-db-1.30.0.tgz"
        },
        "mime-types": {
          "version": "2.1.17",
          "from": "mime-types@>=2.1.16 <2.2.0",
          "resolved": "https://registry.npmjs.org/mime-types/-/mime-types-2.1.17.tgz"
        }
      }
    },
    "anchor": {
      "version": "0.11.6",
      "from": "anchor@>=0.11.0 <0.12.0",
      "resolved": "https://registry.npmjs.org/anchor/-/anchor-0.11.6.tgz"
    },
    "ansi-regex": {
      "version": "2.1.1",
      "from": "ansi-regex@>=2.0.0 <3.0.0",
      "resolved": "https://registry.npmjs.org/ansi-regex/-/ansi-regex-2.1.1.tgz"
    },
    "ansi-styles": {
      "version": "1.0.0",
      "from": "ansi-styles@>=1.0.0 <1.1.0",
      "resolved": "https://registry.npmjs.org/ansi-styles/-/ansi-styles-1.0.0.tgz"
    },
    "array-flatten": {
      "version": "1.1.1",
      "from": "array-flatten@1.1.1",
      "resolved": "https://registry.npmjs.org/array-flatten/-/array-flatten-1.1.1.tgz"
    },
    "async": {
      "version": "2.3.0",
      "from": "async@2.3.0",
      "resolved": "https://registry.npmjs.org/async/-/async-2.3.0.tgz"
    },
    "balanced-match": {
      "version": "0.4.1",
      "from": "balanced-match@>=0.4.1 <0.5.0",
      "resolved": "https://registry.npmjs.org/balanced-match/-/balanced-match-0.4.1.tgz"
    },
    "basic-auth": {
      "version": "2.0.0",
      "from": "basic-auth@>=2.0.0 <2.1.0",
      "resolved": "https://registry.npmjs.org/basic-auth/-/basic-auth-2.0.0.tgz"
    },
    "bluebird": {
      "version": "3.2.1",
      "from": "bluebird@3.2.1",
      "resolved": "https://registry.npmjs.org/bluebird/-/bluebird-3.2.1.tgz"
    },
    "body-parser": {
      "version": "1.18.2",
      "from": "body-parser@1.18.2",
      "resolved": "https://registry.npmjs.org/body-parser/-/body-parser-1.18.2.tgz",
      "dependencies": {
        "debug": {
          "version": "2.6.9",
          "from": "debug@2.6.9",
          "resolved": "https://registry.npmjs.org/debug/-/debug-2.6.9.tgz"
        },
        "ms": {
          "version": "2.0.0",
          "from": "ms@2.0.0",
          "resolved": "https://registry.npmjs.org/ms/-/ms-2.0.0.tgz"
        }
      }
    },
    "brace-expansion": {
      "version": "1.1.5",
      "from": "brace-expansion@>=1.0.0 <2.0.0",
      "resolved": "https://registry.npmjs.org/brace-expansion/-/brace-expansion-1.1.5.tgz"
    },
    "browser-stdout": {
      "version": "1.3.0",
      "from": "browser-stdout@1.3.0",
      "resolved": "https://registry.npmjs.org/browser-stdout/-/browser-stdout-1.3.0.tgz"
    },
    "bytes": {
      "version": "3.0.0",
      "from": "bytes@3.0.0",
      "resolved": "https://registry.npmjs.org/bytes/-/bytes-3.0.0.tgz"
    },
    "chalk": {
      "version": "0.4.0",
      "from": "chalk@>=0.4.0 <0.5.0",
      "resolved": "https://registry.npmjs.org/chalk/-/chalk-0.4.0.tgz"
    },
    "code-point-at": {
      "version": "1.1.0",
      "from": "code-point-at@>=1.0.0 <2.0.0",
      "resolved": "https://registry.npmjs.org/code-point-at/-/code-point-at-1.1.0.tgz"
    },
    "colors": {
      "version": "0.6.2",
      "from": "colors@>=0.6.0 <0.7.0",
      "resolved": "https://registry.npmjs.org/colors/-/colors-0.6.2.tgz"
    },
    "commander": {
      "version": "2.9.0",
      "from": "commander@2.9.0",
      "resolved": "https://registry.npmjs.org/commander/-/commander-2.9.0.tgz"
    },
    "concat-map": {
      "version": "0.0.1",
      "from": "concat-map@0.0.1",
      "resolved": "https://registry.npmjs.org/concat-map/-/concat-map-0.0.1.tgz"
    },
    "concat-stream": {
      "version": "1.5.2",
      "from": "concat-stream@>=1.5.1 <1.6.0",
      "resolved": "https://registry.npmjs.org/concat-stream/-/concat-stream-1.5.2.tgz"
    },
    "content-disposition": {
      "version": "0.5.2",
      "from": "content-disposition@0.5.2",
      "resolved": "https://registry.npmjs.org/content-disposition/-/content-disposition-0.5.2.tgz"
    },
    "content-type": {
      "version": "1.0.4",
      "from": "content-type@>=1.0.4 <1.1.0",
      "resolved": "https://registry.npmjs.org/content-type/-/content-type-1.0.4.tgz"
    },
    "cookie": {
      "version": "0.3.1",
      "from": "cookie@0.3.1",
      "resolved": "https://registry.npmjs.org/cookie/-/cookie-0.3.1.tgz"
    },
    "cookie-signature": {
      "version": "1.0.6",
      "from": "cookie-signature@1.0.6",
      "resolved": "https://registry.npmjs.org/cookie-signature/-/cookie-signature-1.0.6.tgz"
    },
    "core-util-is": {
      "version": "1.0.2",
      "from": "core-util-is@>=1.0.0 <1.1.0",
      "resolved": "https://registry.npmjs.org/core-util-is/-/core-util-is-1.0.2.tgz"
    },
    "crc": {
      "version": "3.4.4",
      "from": "crc@3.4.4",
      "resolved": "https://registry.npmjs.org/crc/-/crc-3.4.4.tgz"
    },
    "cycle": {
      "version": "1.0.3",
      "from": "cycle@>=1.0.0 <1.1.0",
      "resolved": "https://registry.npmjs.org/cycle/-/cycle-1.0.3.tgz"
    },
    "debug": {
      "version": "2.2.0",
      "from": "debug@2.2.0",
      "resolved": "https://registry.npmjs.org/debug/-/debug-2.2.0.tgz"
    },
    "deep-diff": {
      "version": "0.3.3",
      "from": "deep-diff@0.3.3",
      "resolved": "https://registry.npmjs.org/deep-diff/-/deep-diff-0.3.3.tgz"
    },
    "deep-equal": {
      "version": "1.0.1",
      "from": "deep-equal@*",
      "resolved": "https://registry.npmjs.org/deep-equal/-/deep-equal-1.0.1.tgz"
    },
    "depd": {
      "version": "1.1.1",
      "from": "depd@>=1.1.1 <1.2.0",
      "resolved": "https://registry.npmjs.org/depd/-/depd-1.1.1.tgz"
    },
    "destroy": {
      "version": "1.0.4",
      "from": "destroy@>=1.0.4 <1.1.0",
      "resolved": "https://registry.npmjs.org/destroy/-/destroy-1.0.4.tgz"
    },
    "diff": {
      "version": "1.4.0",
      "from": "diff@1.4.0",
      "resolved": "https://registry.npmjs.org/diff/-/diff-1.4.0.tgz"
    },
    "ee-first": {
      "version": "1.1.1",
      "from": "ee-first@1.1.1",
      "resolved": "https://registry.npmjs.org/ee-first/-/ee-first-1.1.1.tgz"
    },
    "ejs": {
      "version": "2.5.6",
      "from": "ejs@2.5.6",
      "resolved": "https://registry.npmjs.org/ejs/-/ejs-2.5.6.tgz"
    },
    "encodeurl": {
      "version": "1.0.1",
      "from": "encodeurl@>=1.0.1 <1.1.0",
      "resolved": "https://registry.npmjs.org/encodeurl/-/encodeurl-1.0.1.tgz"
    },
    "escape-html": {
      "version": "1.0.3",
      "from": "escape-html@>=1.0.3 <1.1.0",
      "resolved": "https://registry.npmjs.org/escape-html/-/escape-html-1.0.3.tgz"
    },
    "escape-string-regexp": {
      "version": "1.0.5",
      "from": "escape-string-regexp@1.0.5",
      "resolved": "https://registry.npmjs.org/escape-string-regexp/-/escape-string-regexp-1.0.5.tgz"
    },
    "etag": {
      "version": "1.8.1",
      "from": "etag@>=1.8.1 <1.9.0",
      "resolved": "https://registry.npmjs.org/etag/-/etag-1.8.1.tgz"
    },
    "express": {
      "version": "4.16.2",
      "from": "express@4.16.2",
      "resolved": "https://registry.npmjs.org/express/-/express-4.16.2.tgz",
      "dependencies": {
        "body-parser": {
          "version": "1.18.2",
          "from": "body-parser@1.18.2",
          "resolved": "https://registry.npmjs.org/body-parser/-/body-parser-1.18.2.tgz"
        },
        "bytes": {
          "version": "3.0.0",
          "from": "bytes@3.0.0",
          "resolved": "https://registry.npmjs.org/bytes/-/bytes-3.0.0.tgz"
        },
        "content-type": {
          "version": "1.0.4",
          "from": "content-type@>=1.0.4 <1.1.0",
          "resolved": "https://registry.npmjs.org/content-type/-/content-type-1.0.4.tgz"
        },
        "debug": {
          "version": "2.6.9",
          "from": "debug@2.6.9",
          "resolved": "https://registry.npmjs.org/debug/-/debug-2.6.9.tgz"
        },
        "depd": {
          "version": "1.1.1",
          "from": "depd@>=1.1.1 <1.2.0",
          "resolved": "https://registry.npmjs.org/depd/-/depd-1.1.1.tgz"
        },
        "http-errors": {
          "version": "1.6.2",
          "from": "http-errors@>=1.6.2 <1.7.0",
          "resolved": "https://registry.npmjs.org/http-errors/-/http-errors-1.6.2.tgz",
          "dependencies": {
            "setprototypeof": {
              "version": "1.0.3",
              "from": "setprototypeof@1.0.3",
              "resolved": "https://registry.npmjs.org/setprototypeof/-/setprototypeof-1.0.3.tgz"
            }
          }
        },
        "iconv-lite": {
          "version": "0.4.19",
          "from": "iconv-lite@0.4.19",
          "resolved": "https://registry.npmjs.org/iconv-lite/-/iconv-lite-0.4.19.tgz"
        },
        "inherits": {
          "version": "2.0.3",
          "from": "inherits@2.0.3",
          "resolved": "https://registry.npmjs.org/inherits/-/inherits-2.0.3.tgz"
        },
        "mime-db": {
          "version": "1.30.0",
          "from": "mime-db@~1.30.0",
          "resolved": "https://registry.npmjs.org/mime-db/-/mime-db-1.30.0.tgz"
        },
        "mime-types": {
          "version": "2.1.17",
          "from": "mime-types@~2.1.15",
          "resolved": "https://registry.npmjs.org/mime-types/-/mime-types-2.1.17.tgz"
        },
        "ms": {
          "version": "2.0.0",
          "from": "ms@2.0.0",
          "resolved": "https://registry.npmjs.org/ms/-/ms-2.0.0.tgz"
        },
        "parseurl": {
          "version": "1.3.2",
          "from": "parseurl@>=1.3.2 <1.4.0",
          "resolved": "https://registry.npmjs.org/parseurl/-/parseurl-1.3.2.tgz"
        },
        "qs": {
          "version": "6.5.1",
          "from": "qs@6.5.1",
          "resolved": "https://registry.npmjs.org/qs/-/qs-6.5.1.tgz"
        },
        "raw-body": {
          "version": "2.3.2",
          "from": "raw-body@2.3.2",
          "resolved": "https://registry.npmjs.org/raw-body/-/raw-body-2.3.2.tgz"
        },
        "setprototypeof": {
          "version": "1.1.0",
          "from": "setprototypeof@1.1.0",
          "resolved": "https://registry.npmjs.org/setprototypeof/-/setprototypeof-1.1.0.tgz"
        },
        "type-is": {
          "version": "1.6.15",
          "from": "type-is@>=1.6.15 <1.7.0",
          "resolved": "https://registry.npmjs.org/type-is/-/type-is-1.6.15.tgz"
        },
        "utils-merge": {
          "version": "1.0.1",
          "from": "utils-merge@1.0.1",
          "resolved": "https://registry.npmjs.org/utils-merge/-/utils-merge-1.0.1.tgz"
        }
      }
    },
    "express-ejs-layouts": {
      "version": "2.3.0",
      "from": "express-ejs-layouts@2.3.0",
      "resolved": "https://registry.npmjs.org/express-ejs-layouts/-/express-ejs-layouts-2.3.0.tgz"
    },
    "express-session": {
      "version": "1.15.6",
      "from": "express-session@1.15.6",
      "resolved": "https://registry.npmjs.org/express-session/-/express-session-1.15.6.tgz",
      "dependencies": {
        "debug": {
          "version": "2.6.9",
          "from": "debug@2.6.9",
          "resolved": "https://registry.npmjs.org/debug/-/debug-2.6.9.tgz"
        },
        "depd": {
          "version": "1.1.1",
          "from": "depd@>=1.1.1 <1.2.0",
          "resolved": "https://registry.npmjs.org/depd/-/depd-1.1.1.tgz"
        },
        "ms": {
          "version": "2.0.0",
          "from": "ms@2.0.0",
          "resolved": "https://registry.npmjs.org/ms/-/ms-2.0.0.tgz"
        }
      }
    },
    "extend": {
      "version": "3.0.0",
      "from": "extend@latest",
      "resolved": "https://registry.npmjs.org/extend/-/extend-3.0.0.tgz"
    },
    "eyes": {
      "version": "0.1.8",
      "from": "eyes@>=0.1.0 <0.2.0",
      "resolved": "https://registry.npmjs.org/eyes/-/eyes-0.1.8.tgz"
    },
    "finalhandler": {
      "version": "1.1.0",
      "from": "finalhandler@1.1.0",
      "resolved": "https://registry.npmjs.org/finalhandler/-/finalhandler-1.1.0.tgz",
      "dependencies": {
        "debug": {
          "version": "2.6.9",
          "from": "debug@2.6.9",
          "resolved": "https://registry.npmjs.org/debug/-/debug-2.6.9.tgz"
        },
        "ms": {
          "version": "2.0.0",
          "from": "ms@2.0.0",
          "resolved": "https://registry.npmjs.org/ms/-/ms-2.0.0.tgz"
        },
        "parseurl": {
          "version": "1.3.2",
          "from": "parseurl@~1.3.2",
          "resolved": "https://registry.npmjs.org/parseurl/-/parseurl-1.3.2.tgz"
        }
      }
    },
    "forwarded": {
      "version": "0.1.2",
      "from": "forwarded@>=0.1.2 <0.2.0",
      "resolved": "https://registry.npmjs.org/forwarded/-/forwarded-0.1.2.tgz"
    },
    "fresh": {
      "version": "0.5.2",
      "from": "fresh@0.5.2",
      "resolved": "https://registry.npmjs.org/fresh/-/fresh-0.5.2.tgz"
    },
    "fs-extra": {
      "version": "0.30.0",
      "from": "fs-extra@0.30.0",
      "resolved": "https://registry.npmjs.org/fs-extra/-/fs-extra-0.30.0.tgz"
    },
    "fs.realpath": {
      "version": "1.0.0",
      "from": "fs.realpath@>=1.0.0 <2.0.0",
      "resolved": "https://registry.npmjs.org/fs.realpath/-/fs.realpath-1.0.0.tgz"
    },
    "function-bind": {
      "version": "1.1.1",
      "from": "function-bind@>=1.0.2 <2.0.0",
      "resolved": "https://registry.npmjs.org/function-bind/-/function-bind-1.1.1.tgz"
    },
    "glob": {
      "version": "7.0.5",
      "from": "glob@7.0.5",
      "resolved": "https://registry.npmjs.org/glob/-/glob-7.0.5.tgz"
    },
    "graceful-fs": {
      "version": "4.1.11",
      "from": "graceful-fs@>=4.1.2 <5.0.0",
      "resolved": "https://registry.npmjs.org/graceful-fs/-/graceful-fs-4.1.11.tgz"
    },
    "graceful-readlink": {
      "version": "1.0.1",
      "from": "graceful-readlink@>=1.0.0",
      "resolved": "https://registry.npmjs.org/graceful-readlink/-/graceful-readlink-1.0.1.tgz"
    },
    "growl": {
      "version": "1.9.2",
      "from": "growl@1.9.2",
      "resolved": "https://registry.npmjs.org/growl/-/growl-1.9.2.tgz"
    },
    "has": {
      "version": "1.0.1",
      "from": "has@>=1.0.1 <2.0.0",
      "resolved": "https://registry.npmjs.org/has/-/has-1.0.1.tgz"
    },
    "has-ansi": {
      "version": "2.0.0",
      "from": "has-ansi@>=2.0.0 <3.0.0",
      "resolved": "https://registry.npmjs.org/has-ansi/-/has-ansi-2.0.0.tgz"
    },
    "has-color": {
      "version": "0.1.7",
      "from": "has-color@>=0.1.0 <0.2.0",
      "resolved": "https://registry.npmjs.org/has-color/-/has-color-0.1.7.tgz"
    },
    "has-flag": {
      "version": "1.0.0",
      "from": "has-flag@>=1.0.0 <2.0.0",
      "resolved": "https://registry.npmjs.org/has-flag/-/has-flag-1.0.0.tgz"
    },
    "http-errors": {
      "version": "1.6.2",
      "from": "http-errors@>=1.6.2 <1.7.0",
      "resolved": "https://registry.npmjs.org/http-errors/-/http-errors-1.6.2.tgz",
      "dependencies": {
        "inherits": {
          "version": "2.0.3",
          "from": "inherits@2.0.3",
          "resolved": "https://registry.npmjs.org/inherits/-/inherits-2.0.3.tgz"
        }
      }
    },
    "i": {
      "version": "0.3.6",
      "from": "i@>=0.3.0 <0.4.0",
      "resolved": "https://registry.npmjs.org/i/-/i-0.3.6.tgz"
    },
    "iconv-lite": {
      "version": "0.4.19",
      "from": "iconv-lite@0.4.19",
      "resolved": "https://registry.npmjs.org/iconv-lite/-/iconv-lite-0.4.19.tgz"
    },
    "inflight": {
      "version": "1.0.5",
      "from": "inflight@>=1.0.4 <2.0.0",
      "resolved": "https://registry.npmjs.org/inflight/-/inflight-1.0.5.tgz"
    },
    "inherits": {
      "version": "2.0.1",
      "from": "inherits@>=2.0.0 <3.0.0",
      "resolved": "https://registry.npmjs.org/inherits/-/inherits-2.0.1.tgz"
    },
    "ipaddr.js": {
      "version": "1.5.2",
      "from": "ipaddr.js@1.5.2",
      "resolved": "https://registry.npmjs.org/ipaddr.js/-/ipaddr.js-1.5.2.tgz"
    },
    "irregular-plurals": {
      "version": "1.4.0",
      "from": "irregular-plurals@>=1.0.0 <2.0.0",
      "resolved": "https://registry.npmjs.org/irregular-plurals/-/irregular-plurals-1.4.0.tgz"
    },
    "is-buffer": {
      "version": "1.1.6",
      "from": "is-buffer@>=1.1.4 <2.0.0",
      "resolved": "https://registry.npmjs.org/is-buffer/-/is-buffer-1.1.6.tgz"
    },
    "is-fullwidth-code-point": {
      "version": "1.0.0",
      "from": "is-fullwidth-code-point@>=1.0.0 <2.0.0",
      "resolved": "https://registry.npmjs.org/is-fullwidth-code-point/-/is-fullwidth-code-point-1.0.0.tgz"
    },
    "isarray": {
      "version": "1.0.0",
      "from": "isarray@>=1.0.0 <1.1.0",
      "resolved": "https://registry.npmjs.org/isarray/-/isarray-1.0.0.tgz"
    },
    "isstream": {
      "version": "0.1.2",
      "from": "isstream@>=0.1.0 <0.2.0",
      "resolved": "https://registry.npmjs.org/isstream/-/isstream-0.1.2.tgz"
    },
    "json3": {
      "version": "3.3.2",
      "from": "json3@3.3.2",
      "resolved": "https://registry.npmjs.org/json3/-/json3-3.3.2.tgz"
    },
    "jsonfile": {
      "version": "2.4.0",
      "from": "jsonfile@>=2.1.0 <3.0.0",
      "resolved": "https://registry.npmjs.org/jsonfile/-/jsonfile-2.4.0.tgz"
    },
    "jsonlint-lines": {
      "version": "1.7.1",
      "from": "jsonlint-lines@1.7.1",
      "resolved": "https://registry.npmjs.org/jsonlint-lines/-/jsonlint-lines-1.7.1.tgz"
    },
    "JSV": {
      "version": "4.0.2",
      "from": "JSV@>=4.0.0",
      "resolved": "https://registry.npmjs.org/JSV/-/JSV-4.0.2.tgz"
    },
    "klaw": {
      "version": "1.3.1",
      "from": "klaw@>=1.0.0 <2.0.0",
      "resolved": "https://registry.npmjs.org/klaw/-/klaw-1.3.1.tgz"
    },
    "lodash": {
      "version": "4.17.4",
      "from": "lodash@4.17.4",
      "resolved": "https://registry.npmjs.org/lodash/-/lodash-4.17.4.tgz"
    },
    "lodash._baseassign": {
      "version": "3.2.0",
      "from": "lodash._baseassign@>=3.0.0 <4.0.0",
      "resolved": "https://registry.npmjs.org/lodash._baseassign/-/lodash._baseassign-3.2.0.tgz"
    },
    "lodash._basecopy": {
      "version": "3.0.1",
      "from": "lodash._basecopy@>=3.0.0 <4.0.0",
      "resolved": "https://registry.npmjs.org/lodash._basecopy/-/lodash._basecopy-3.0.1.tgz"
    },
    "lodash._basecreate": {
      "version": "3.0.3",
      "from": "lodash._basecreate@>=3.0.0 <4.0.0",
      "resolved": "https://registry.npmjs.org/lodash._basecreate/-/lodash._basecreate-3.0.3.tgz"
    },
    "lodash._getnative": {
      "version": "3.9.1",
      "from": "lodash._getnative@>=3.0.0 <4.0.0",
      "resolved": "https://registry.npmjs.org/lodash._getnative/-/lodash._getnative-3.9.1.tgz"
    },
    "lodash._isiterateecall": {
      "version": "3.0.9",
      "from": "lodash._isiterateecall@>=3.0.0 <4.0.0",
      "resolved": "https://registry.npmjs.org/lodash._isiterateecall/-/lodash._isiterateecall-3.0.9.tgz"
    },
    "lodash.create": {
      "version": "3.1.1",
      "from": "lodash.create@3.1.1",
      "resolved": "https://registry.npmjs.org/lodash.create/-/lodash.create-3.1.1.tgz"
    },
    "lodash.isarguments": {
      "version": "3.1.0",
      "from": "lodash.isarguments@>=3.0.0 <4.0.0",
      "resolved": "https://registry.npmjs.org/lodash.isarguments/-/lodash.isarguments-3.1.0.tgz"
    },
    "lodash.isarray": {
      "version": "3.0.4",
      "from": "lodash.isarray@>=3.0.0 <4.0.0",
      "resolved": "https://registry.npmjs.org/lodash.isarray/-/lodash.isarray-3.0.4.tgz"
    },
    "lodash.keys": {
      "version": "3.1.2",
      "from": "lodash.keys@>=3.0.0 <4.0.0",
      "resolved": "https://registry.npmjs.org/lodash.keys/-/lodash.keys-3.1.2.tgz"
    },
    "log-symbols": {
      "version": "1.0.2",
      "from": "log-symbols@>=1.0.2 <2.0.0",
      "resolved": "https://registry.npmjs.org/log-symbols/-/log-symbols-1.0.2.tgz",
      "dependencies": {
        "ansi-styles": {
          "version": "2.2.1",
          "from": "ansi-styles@>=2.2.1 <3.0.0",
          "resolved": "https://registry.npmjs.org/ansi-styles/-/ansi-styles-2.2.1.tgz"
        },
        "chalk": {
          "version": "1.1.3",
          "from": "chalk@>=1.0.0 <2.0.0",
          "resolved": "https://registry.npmjs.org/chalk/-/chalk-1.1.3.tgz"
        },
        "strip-ansi": {
          "version": "3.0.1",
          "from": "strip-ansi@>=3.0.0 <4.0.0",
          "resolved": "https://registry.npmjs.org/strip-ansi/-/strip-ansi-3.0.1.tgz"
        },
        "supports-color": {
          "version": "2.0.0",
          "from": "supports-color@^2.0.0",
          "resolved": "https://registry.npmjs.org/supports-color/-/supports-color-2.0.0.tgz"
        }
      }
    },
    "media-typer": {
      "version": "0.3.0",
      "from": "media-typer@0.3.0",
      "resolved": "https://registry.npmjs.org/media-typer/-/media-typer-0.3.0.tgz"
    },
    "merge-descriptors": {
      "version": "1.0.1",
      "from": "merge-descriptors@1.0.1",
      "resolved": "https://registry.npmjs.org/merge-descriptors/-/merge-descriptors-1.0.1.tgz"
    },
    "methods": {
      "version": "1.1.2",
      "from": "methods@>=1.1.2 <1.2.0",
      "resolved": "https://registry.npmjs.org/methods/-/methods-1.1.2.tgz"
    },
    "mime": {
      "version": "1.4.1",
      "from": "mime@1.4.1",
      "resolved": "https://registry.npmjs.org/mime/-/mime-1.4.1.tgz"
    },
    "mime-db": {
      "version": "1.30.0",
      "from": "mime-db@>=1.30.0 <1.31.0",
      "resolved": "https://registry.npmjs.org/mime-db/-/mime-db-1.30.0.tgz"
    },
    "mime-types": {
      "version": "2.1.17",
      "from": "mime-types@>=2.1.15 <2.2.0",
      "resolved": "https://registry.npmjs.org/mime-types/-/mime-types-2.1.17.tgz"
    },
    "minimatch": {
      "version": "3.0.3",
      "from": "minimatch@>=3.0.2 <4.0.0",
      "resolved": "https://registry.npmjs.org/minimatch/-/minimatch-3.0.3.tgz"
    },
    "minimist": {
      "version": "0.0.8",
      "from": "minimist@0.0.8",
      "resolved": "https://registry.npmjs.org/minimist/-/minimist-0.0.8.tgz"
    },
    "mkdirp": {
      "version": "0.5.1",
      "from": "mkdirp@0.5.1",
      "resolved": "https://registry.npmjs.org/mkdirp/-/mkdirp-0.5.1.tgz"
    },
    "mocha": {
      "version": "3.2.0",
      "from": "mocha@3.2.0",
      "resolved": "https://registry.npmjs.org/mocha/-/mocha-3.2.0.tgz"
    },
    "morgan": {
      "version": "1.9.0",
      "from": "morgan@1.9.0",
      "resolved": "https://registry.npmjs.org/morgan/-/morgan-1.9.0.tgz",
      "dependencies": {
        "debug": {
          "version": "2.6.9",
          "from": "debug@2.6.9",
          "resolved": "https://registry.npmjs.org/debug/-/debug-2.6.9.tgz"
        },
        "depd": {
          "version": "1.1.1",
          "from": "depd@>=1.1.1 <1.2.0",
          "resolved": "https://registry.npmjs.org/depd/-/depd-1.1.1.tgz"
        },
        "ms": {
          "version": "2.0.0",
          "from": "ms@2.0.0",
          "resolved": "https://registry.npmjs.org/ms/-/ms-2.0.0.tgz"
        }
      }
    },
    "ms": {
      "version": "0.7.1",
      "from": "ms@0.7.1",
      "resolved": "https://registry.npmjs.org/ms/-/ms-0.7.1.tgz"
    },
    "mute-stream": {
      "version": "0.0.7",
      "from": "mute-stream@>=0.0.4 <0.1.0",
      "resolved": "https://registry.npmjs.org/mute-stream/-/mute-stream-0.0.7.tgz"
    },
    "ncp": {
      "version": "0.4.2",
      "from": "ncp@>=0.4.0 <0.5.0",
      "resolved": "https://registry.npmjs.org/ncp/-/ncp-0.4.2.tgz"
    },
    "negotiator": {
      "version": "0.6.1",
      "from": "negotiator@0.6.1",
      "resolved": "https://registry.npmjs.org/negotiator/-/negotiator-0.6.1.tgz"
    },
    "nomnom": {
      "version": "1.8.1",
      "from": "nomnom@>=1.5.0",
      "resolved": "https://registry.npmjs.org/nomnom/-/nomnom-1.8.1.tgz"
    },
    "number-is-nan": {
      "version": "1.0.1",
      "from": "number-is-nan@>=1.0.0 <2.0.0",
      "resolved": "https://registry.npmjs.org/number-is-nan/-/number-is-nan-1.0.1.tgz"
    },
    "on-finished": {
      "version": "2.3.0",
      "from": "on-finished@>=2.3.0 <2.4.0",
      "resolved": "https://registry.npmjs.org/on-finished/-/on-finished-2.3.0.tgz"
    },
    "on-headers": {
      "version": "1.0.1",
      "from": "on-headers@>=1.0.1 <1.1.0",
      "resolved": "https://registry.npmjs.org/on-headers/-/on-headers-1.0.1.tgz"
    },
    "once": {
      "version": "1.3.3",
      "from": "once@>=1.3.0 <2.0.0",
      "resolved": "https://registry.npmjs.org/once/-/once-1.3.3.tgz"
    },
    "parseurl": {
      "version": "1.3.2",
      "from": "parseurl@>=1.3.2 <1.4.0",
      "resolved": "https://registry.npmjs.org/parseurl/-/parseurl-1.3.2.tgz"
    },
    "path-is-absolute": {
      "version": "1.0.0",
      "from": "path-is-absolute@>=1.0.0 <2.0.0",
      "resolved": "https://registry.npmjs.org/path-is-absolute/-/path-is-absolute-1.0.0.tgz"
    },
    "path-to-regexp": {
      "version": "0.1.7",
      "from": "path-to-regexp@0.1.7",
      "resolved": "https://registry.npmjs.org/path-to-regexp/-/path-to-regexp-0.1.7.tgz"
    },
    "pkginfo": {
      "version": "0.4.1",
      "from": "pkginfo@>=0.0.0 <1.0.0",
      "resolved": "https://registry.npmjs.org/pkginfo/-/pkginfo-0.4.1.tgz"
    },
    "plur": {
      "version": "2.1.2",
      "from": "plur@>=2.0.0 <3.0.0",
      "resolved": "https://registry.npmjs.org/plur/-/plur-2.1.2.tgz"
    },
    "process-nextick-args": {
      "version": "1.0.7",
      "from": "process-nextick-args@>=1.0.6 <1.1.0",
      "resolved": "https://registry.npmjs.org/process-nextick-args/-/process-nextick-args-1.0.7.tgz"
    },
    "prompt": {
      "version": "0.2.14",
      "from": "prompt@0.2.14",
      "resolved": "https://registry.npmjs.org/prompt/-/prompt-0.2.14.tgz"
    },
    "proxy-addr": {
      "version": "2.0.2",
      "from": "proxy-addr@>=2.0.2 <2.1.0",
      "resolved": "https://registry.npmjs.org/proxy-addr/-/proxy-addr-2.0.2.tgz"
    },
    "qs": {
      "version": "6.5.1",
      "from": "qs@6.5.1",
      "resolved": "https://registry.npmjs.org/qs/-/qs-6.5.1.tgz"
    },
    "random-bytes": {
      "version": "1.0.0",
      "from": "random-bytes@>=1.0.0 <1.1.0",
      "resolved": "https://registry.npmjs.org/random-bytes/-/random-bytes-1.0.0.tgz"
    },
    "range-parser": {
      "version": "1.2.0",
      "from": "range-parser@>=1.2.0 <1.3.0",
      "resolved": "https://registry.npmjs.org/range-parser/-/range-parser-1.2.0.tgz"
    },
    "raw-body": {
      "version": "2.3.2",
      "from": "raw-body@2.3.2",
      "resolved": "https://registry.npmjs.org/raw-body/-/raw-body-2.3.2.tgz"
    },
    "read": {
      "version": "1.0.7",
      "from": "read@>=1.0.0 <1.1.0",
      "resolved": "https://registry.npmjs.org/read/-/read-1.0.7.tgz"
    },
    "readable-stream": {
      "version": "2.0.6",
      "from": "readable-stream@>=2.0.0 <2.1.0",
      "resolved": "https://registry.npmjs.org/readable-stream/-/readable-stream-2.0.6.tgz"
    },
    "repeat-string": {
      "version": "1.6.1",
      "from": "repeat-string@>=1.5.0 <2.0.0",
      "resolved": "https://registry.npmjs.org/repeat-string/-/repeat-string-1.6.1.tgz"
    },
    "replace-ext": {
      "version": "1.0.0",
      "from": "replace-ext@1.0.0",
      "resolved": "https://registry.npmjs.org/replace-ext/-/replace-ext-1.0.0.tgz"
    },
    "revalidator": {
      "version": "0.1.8",
      "from": "revalidator@>=0.1.0 <0.2.0",
      "resolved": "https://registry.npmjs.org/revalidator/-/revalidator-0.1.8.tgz"
    },
    "rimraf": {
      "version": "2.5.3",
      "from": "rimraf@>=2.2.8 <3.0.0",
      "resolved": "https://registry.npmjs.org/rimraf/-/rimraf-2.5.3.tgz",
      "dependencies": {
        "glob": {
          "version": "7.0.5",
          "from": "glob@>=7.0.5 <8.0.0",
          "resolved": "https://registry.npmjs.org/glob/-/glob-7.0.5.tgz"
        },
        "minimatch": {
          "version": "3.0.2",
          "from": "minimatch@>=3.0.2 <4.0.0",
          "resolved": "https://registry.npmjs.org/minimatch/-/minimatch-3.0.2.tgz"
        }
      }
    },
    "safe-buffer": {
      "version": "5.1.1",
      "from": "safe-buffer@5.1.1",
      "resolved": "https://registry.npmjs.org/safe-buffer/-/safe-buffer-5.1.1.tgz"
    },
    "sails-disk": {
      "version": "0.10.10",
      "from": "sails-disk@0.10.10",
      "resolved": "https://registry.npmjs.org/sails-disk/-/sails-disk-0.10.10.tgz",
      "dependencies": {
        "async": {
          "version": "0.2.10",
          "from": "async@>=0.2.9 <0.3.0",
          "resolved": "https://registry.npmjs.org/async/-/async-0.2.10.tgz"
        },
        "lodash": {
          "version": "3.10.1",
          "from": "lodash@3.10.1",
          "resolved": "https://registry.npmjs.org/lodash/-/lodash-3.10.1.tgz"
        }
      }
    },
    "send": {
      "version": "0.16.1",
      "from": "send@0.16.1",
      "resolved": "https://registry.npmjs.org/send/-/send-0.16.1.tgz",
      "dependencies": {
        "debug": {
          "version": "2.6.9",
          "from": "debug@2.6.9",
          "resolved": "https://registry.npmjs.org/debug/-/debug-2.6.9.tgz"
        },
        "depd": {
          "version": "1.1.1",
          "from": "depd@~1.1.1",
          "resolved": "https://registry.npmjs.org/depd/-/depd-1.1.1.tgz"
        },
        "http-errors": {
          "version": "1.6.2",
          "from": "http-errors@~1.6.2",
          "resolved": "https://registry.npmjs.org/http-errors/-/http-errors-1.6.2.tgz"
        },
        "inherits": {
          "version": "2.0.3",
          "from": "inherits@2.0.3",
          "resolved": "https://registry.npmjs.org/inherits/-/inherits-2.0.3.tgz"
        },
        "ms": {
          "version": "2.0.0",
          "from": "ms@2.0.0",
          "resolved": "https://registry.npmjs.org/ms/-/ms-2.0.0.tgz"
        }
      }
    },
    "serve-static": {
      "version": "1.13.1",
      "from": "serve-static@1.13.1",
      "resolved": "https://registry.npmjs.org/serve-static/-/serve-static-1.13.1.tgz",
      "dependencies": {
        "parseurl": {
          "version": "1.3.2",
          "from": "parseurl@~1.3.2",
          "resolved": "https://registry.npmjs.org/parseurl/-/parseurl-1.3.2.tgz"
        }
      }
    },
    "setprototypeof": {
      "version": "1.0.3",
      "from": "setprototypeof@1.0.3",
      "resolved": "https://registry.npmjs.org/setprototypeof/-/setprototypeof-1.0.3.tgz"
    },
    "stack-trace": {
      "version": "0.0.10",
      "from": "stack-trace@>=0.0.0 <0.1.0",
      "resolved": "https://registry.npmjs.org/stack-trace/-/stack-trace-0.0.10.tgz"
    },
    "statuses": {
      "version": "1.3.1",
      "from": "statuses@>=1.3.1 <2.0.0",
      "resolved": "https://registry.npmjs.org/statuses/-/statuses-1.3.1.tgz"
    },
    "string_decoder": {
      "version": "0.10.31",
      "from": "string_decoder@>=0.10.0 <0.11.0",
      "resolved": "https://registry.npmjs.org/string_decoder/-/string_decoder-0.10.31.tgz"
    },
    "string-width": {
      "version": "1.0.2",
      "from": "string-width@>=1.0.0 <2.0.0",
      "resolved": "https://registry.npmjs.org/string-width/-/string-width-1.0.2.tgz",
      "dependencies": {
        "strip-ansi": {
          "version": "3.0.1",
          "from": "strip-ansi@>=3.0.0 <4.0.0",
          "resolved": "https://registry.npmjs.org/strip-ansi/-/strip-ansi-3.0.1.tgz"
        }
      }
    },
    "strip-ansi": {
      "version": "0.1.1",
      "from": "strip-ansi@>=0.1.0 <0.2.0",
      "resolved": "https://registry.npmjs.org/strip-ansi/-/strip-ansi-0.1.1.tgz"
    },
    "supports-color": {
      "version": "3.1.2",
      "from": "supports-color@3.1.2",
      "resolved": "https://registry.npmjs.org/supports-color/-/supports-color-3.1.2.tgz"
    },
    "switchback": {
      "version": "2.0.0",
      "from": "switchback@2.0.0",
      "resolved": "https://registry.npmjs.org/switchback/-/switchback-2.0.0.tgz",
      "dependencies": {
        "lodash": {
          "version": "2.4.2",
          "from": "lodash@>=2.4.1 <2.5.0",
          "resolved": "https://registry.npmjs.org/lodash/-/lodash-2.4.2.tgz"
        }
      }
    },
    "trim": {
      "version": "0.0.1",
      "from": "trim@0.0.1",
      "resolved": "https://registry.npmjs.org/trim/-/trim-0.0.1.tgz"
    },
    "type-is": {
      "version": "1.6.15",
      "from": "type-is@>=1.6.15 <1.7.0",
      "resolved": "https://registry.npmjs.org/type-is/-/type-is-1.6.15.tgz"
    },
    "typedarray": {
      "version": "0.0.6",
      "from": "typedarray@>=0.0.5 <0.1.0",
      "resolved": "https://registry.npmjs.org/typedarray/-/typedarray-0.0.6.tgz"
    },
    "uid-safe": {
      "version": "2.1.5",
      "from": "uid-safe@>=2.1.5 <2.2.0",
      "resolved": "https://registry.npmjs.org/uid-safe/-/uid-safe-2.1.5.tgz"
    },
    "underscore": {
      "version": "1.6.0",
      "from": "underscore@>=1.6.0 <1.7.0",
      "resolved": "https://registry.npmjs.org/underscore/-/underscore-1.6.0.tgz"
    },
    "unist-util-stringify-position": {
      "version": "1.1.1",
      "from": "unist-util-stringify-position@>=1.0.0 <2.0.0",
      "resolved": "https://registry.npmjs.org/unist-util-stringify-position/-/unist-util-stringify-position-1.1.1.tgz"
    },
    "unpipe": {
      "version": "1.0.0",
      "from": "unpipe@1.0.0",
      "resolved": "https://registry.npmjs.org/unpipe/-/unpipe-1.0.0.tgz"
    },
    "util-deprecate": {
      "version": "1.0.2",
      "from": "util-deprecate@>=1.0.1 <1.1.0",
      "resolved": "https://registry.npmjs.org/util-deprecate/-/util-deprecate-1.0.2.tgz"
    },
    "utile": {
      "version": "0.2.1",
      "from": "utile@>=0.2.0 <0.3.0",
      "resolved": "https://registry.npmjs.org/utile/-/utile-0.2.1.tgz",
      "dependencies": {
        "async": {
          "version": "0.2.10",
          "from": "async@>=0.2.9 <0.3.0",
          "resolved": "https://registry.npmjs.org/async/-/async-0.2.10.tgz"
        }
      }
    },
    "utils-merge": {
      "version": "1.0.1",
      "from": "utils-merge@1.0.1",
      "resolved": "https://registry.npmjs.org/utils-merge/-/utils-merge-1.0.1.tgz"
    },
    "validator": {
      "version": "4.4.0",
      "from": "validator@4.4.0",
      "resolved": "https://registry.npmjs.org/validator/-/validator-4.4.0.tgz"
    },
    "vary": {
      "version": "1.1.2",
      "from": "vary@>=1.1.2 <1.2.0",
      "resolved": "https://registry.npmjs.org/vary/-/vary-1.1.2.tgz"
    },
    "vfile": {
      "version": "2.0.0",
      "from": "vfile@2.0.0",
      "resolved": "https://registry.npmjs.org/vfile/-/vfile-2.0.0.tgz"
    },
    "vfile-reporter": {
      "version": "3.0.0",
      "from": "vfile-reporter@3.0.0",
      "resolved": "https://registry.npmjs.org/vfile-reporter/-/vfile-reporter-3.0.0.tgz",
      "dependencies": {
        "ansi-styles": {
          "version": "2.2.1",
          "from": "ansi-styles@>=2.2.1 <3.0.0",
          "resolved": "https://registry.npmjs.org/ansi-styles/-/ansi-styles-2.2.1.tgz"
        },
        "chalk": {
          "version": "1.1.3",
          "from": "chalk@>=1.1.0 <2.0.0",
          "resolved": "https://registry.npmjs.org/chalk/-/chalk-1.1.3.tgz"
        },
        "strip-ansi": {
          "version": "3.0.1",
          "from": "strip-ansi@>=3.0.1 <4.0.0",
          "resolved": "https://registry.npmjs.org/strip-ansi/-/strip-ansi-3.0.1.tgz"
        },
        "supports-color": {
          "version": "2.0.0",
          "from": "supports-color@>=2.0.0 <3.0.0",
          "resolved": "https://registry.npmjs.org/supports-color/-/supports-color-2.0.0.tgz"
        }
      }
    },
    "waterline": {
      "version": "0.11.9",
      "from": "waterline@0.11.9",
      "resolved": "https://registry.npmjs.org/waterline/-/waterline-0.11.9.tgz",
      "dependencies": {
        "async": {
          "version": "1.5.2",
          "from": "async@1.5.2",
          "resolved": "https://registry.npmjs.org/async/-/async-1.5.2.tgz"
        },
        "lodash": {
          "version": "3.10.1",
          "from": "lodash@3.10.1",
          "resolved": "https://registry.npmjs.org/lodash/-/lodash-3.10.1.tgz"
        },
        "waterline-criteria": {
          "version": "0.11.2",
          "from": "waterline-criteria@>=0.11.2 <0.12.0",
          "resolved": "https://registry.npmjs.org/waterline-criteria/-/waterline-criteria-0.11.2.tgz",
          "dependencies": {
            "lodash": {
              "version": "2.4.2",
              "from": "lodash@>=2.4.1 <2.5.0",
              "resolved": "https://registry.npmjs.org/lodash/-/lodash-2.4.2.tgz"
            }
          }
        }
      }
    },
    "waterline-criteria": {
      "version": "1.0.1",
      "from": "waterline-criteria@>=1.0.1 <1.1.0",
      "resolved": "https://registry.npmjs.org/waterline-criteria/-/waterline-criteria-1.0.1.tgz",
      "dependencies": {
        "lodash": {
          "version": "3.10.1",
          "from": "lodash@3.10.1",
          "resolved": "https://registry.npmjs.org/lodash/-/lodash-3.10.1.tgz"
        }
      }
    },
    "waterline-cursor": {
      "version": "0.0.7",
      "from": "waterline-cursor@>=0.0.6 <0.1.0",
      "resolved": "https://registry.npmjs.org/waterline-cursor/-/waterline-cursor-0.0.7.tgz",
      "dependencies": {
        "async": {
          "version": "1.5.2",
          "from": "async@1.5.2",
          "resolved": "https://registry.npmjs.org/async/-/async-1.5.2.tgz"
        },
        "lodash": {
          "version": "3.10.1",
          "from": "lodash@3.10.1",
          "resolved": "https://registry.npmjs.org/lodash/-/lodash-3.10.1.tgz"
        }
      }
    },
    "waterline-errors": {
      "version": "0.10.1",
      "from": "waterline-errors@>=0.10.1 <0.11.0",
      "resolved": "https://registry.npmjs.org/waterline-errors/-/waterline-errors-0.10.1.tgz"
    },
    "waterline-schema": {
      "version": "0.2.0",
      "from": "waterline-schema@0.2.0",
      "resolved": "https://registry.npmjs.org/waterline-schema/-/waterline-schema-0.2.0.tgz",
      "dependencies": {
        "lodash": {
          "version": "3.10.1",
          "from": "lodash@3.10.1",
          "resolved": "https://registry.npmjs.org/lodash/-/lodash-3.10.1.tgz"
        }
      }
    },
    "winston": {
      "version": "0.8.3",
      "from": "winston@>=0.8.0 <0.9.0",
      "resolved": "https://registry.npmjs.org/winston/-/winston-0.8.3.tgz",
      "dependencies": {
        "async": {
          "version": "0.2.10",
          "from": "async@>=0.2.0 <0.3.0",
          "resolved": "https://registry.npmjs.org/async/-/async-0.2.10.tgz"
        },
        "pkginfo": {
          "version": "0.3.1",
          "from": "pkginfo@>=0.3.0 <0.4.0",
          "resolved": "https://registry.npmjs.org/pkginfo/-/pkginfo-0.3.1.tgz"
        }
      }
    },
    "wrappy": {
      "version": "1.0.2",
      "from": "wrappy@>=1.0.0 <2.0.0",
      "resolved": "https://registry.npmjs.org/wrappy/-/wrappy-1.0.2.tgz"
    },
    "x-is-string": {
      "version": "0.1.0",
      "from": "x-is-string@>=0.1.0 <0.2.0",
      "resolved": "https://registry.npmjs.org/x-is-string/-/x-is-string-0.1.0.tgz"
    }
  }
}
